
Microsoft Visual Studio Solution File, Format Version 12.00
# Visual Studio Version 17
VisualStudioVersion = 17.11.35312.102
MinimumVisualStudioVersion = 10.0.40219.1
Project("{9A19103F-16F7-4668-BE54-9A1E7A4F7556}") = "ProFriendsAPI", "ProFriendsApi\ProFriendsAPI.csproj", "{18328487-1FBB-42C7-8ED5-AC3424DA1E97}"
EndProject
Project("{FAE04EC0-301F-11D3-BF4B-00C04F79EFBC}") = "ConsumeAPI", "ConsumeAPI\ConsumeAPI.csproj", "{AE1BACA6-921F-4414-A5A3-917FEC4F8944}"
EndProject
Global
	GlobalSection(SolutionConfigurationPlatforms) = preSolution
		Debug|Any CPU = Debug|Any CPU
		Release|Any CPU = Release|Any CPU
	EndGlobalSection
	GlobalSection(ProjectConfigurationPlatforms) = postSolution
		{18328487-1FBB-42C7-8ED5-AC3424DA1E97}.Debug|Any CPU.ActiveCfg = Debug|Any CPU
		{18328487-1FBB-42C7-8ED5-AC3424DA1E97}.Debug|Any CPU.Build.0 = Debug|Any CPU
		{18328487-1FBB-42C7-8ED5-AC3424DA1E97}.Release|Any CPU.ActiveCfg = Release|Any CPU
		{18328487-1FBB-42C7-8ED5-AC3424DA1E97}.Release|Any CPU.Build.0 = Release|Any CPU
		{AE1BACA6-921F-4414-A5A3-917FEC4F8944}.Debug|Any CPU.ActiveCfg = Debug|Any CPU
		{AE1BACA6-921F-4414-A5A3-917FEC4F8944}.Debug|Any CPU.Build.0 = Debug|Any CPU
		{AE1BACA6-921F-4414-A5A3-917FEC4F8944}.Release|Any CPU.ActiveCfg = Release|Any CPU
		{AE1BACA6-921F-4414-A5A3-917FEC4F8944}.Release|Any CPU.Build.0 = Release|Any CPU
	EndGlobalSection
	GlobalSection(SolutionProperties) = preSolution
		HideSolutionNode = FALSE
	EndGlobalSection
	GlobalSection(ExtensibilityGlobals) = postSolution
		SolutionGuid = {74BA4765-ECC1-4E9E-8186-55DC5746229F}
	EndGlobalSection
EndGlobal
